
Microsoft Visual Studio Solution File, Format Version 12.00
# Visual Studio Version 16
VisualStudioVersion = 16.0.30225.117
MinimumVisualStudioVersion = 10.0.40219.1
Project("{FAE04EC0-301F-11D3-BF4B-00C04F79EFBC}") = "Menu", "Menu\Menu.csproj", "{F1C37F3F-C578-4E88-A1C7-09949C750B4F}"
EndProject
Global
	GlobalSection(SolutionConfigurationPlatforms) = preSolution
		Debug|Any CPU = Debug|Any CPU
		Release|Any CPU = Release|Any CPU
	EndGlobalSection
	GlobalSection(ProjectConfigurationPlatforms) = postSolution
		{F1C37F3F-C578-4E88-A1C7-09949C750B4F}.Debug|Any CPU.ActiveCfg = Debug|Any CPU
		{F1C37F3F-C578-4E88-A1C7-09949C750B4F}.Debug|Any CPU.Build.0 = Debug|Any CPU
		{F1C37F3F-C578-4E88-A1C7-09949C750B4F}.Release|Any CPU.ActiveCfg = Release|Any CPU
		{F1C37F3F-C578-4E88-A1C7-09949C750B4F}.Release|Any CPU.Build.0 = Release|Any CPU
	EndGlobalSection
	GlobalSection(SolutionProperties) = preSolution
		HideSolutionNode = FALSE
	EndGlobalSection
	GlobalSection(ExtensibilityGlobals) = postSolution
		SolutionGuid = {1F759E0D-BBA6-4A63-86F0-63781E4A5B7B}
	EndGlobalSection
EndGlobal
